// !$*UTF8*$!
{
	archiveVersion = 1;
	classes = {
	};
	objectVersion = 48;
	objects = {

/* Begin PBXBuildFile section */
		8122D9972004CC4D00AC403F /* AppDelegate.swift in Sources */ = {isa = PBXBuildFile; fileRef = 8122D9962004CC4D00AC403F /* AppDelegate.swift */; };
		8122D9992004CC4D00AC403F /* ViewController.swift in Sources */ = {isa = PBXBuildFile; fileRef = 8122D9982004CC4D00AC403F /* ViewController.swift */; };
		8122D99C2004CC4D00AC403F /* Main.storyboard in Resources */ = {isa = PBXBuildFile; fileRef = 8122D99A2004CC4D00AC403F /* Main.storyboard */; };
		8122D99E2004CC4D00AC403F /* Assets.xcassets in Resources */ = {isa = PBXBuildFile; fileRef = 8122D99D2004CC4D00AC403F /* Assets.xcassets */; };
		8122D9A12004CC4D00AC403F /* LaunchScreen.storyboard in Resources */ = {isa = PBXBuildFile; fileRef = 8122D99F2004CC4D00AC403F /* LaunchScreen.storyboard */; };
/* End PBXBuildFile section */

/* Begin PBXFileReference section */
		8122D9932004CC4D00AC403F /* TestGitSubModule.app */ = {isa = PBXFileReference; explicitFileType = wrapper.application; includeInIndex = 0; path = TestGitSubModule.app; sourceTree = BUILT_PRODUCTS_DIR; };
		8122D9962004CC4D00AC403F /* AppDelegate.swift */ = {isa = PBXFileReference; lastKnownFileType = sourcecode.swift; path = AppDelegate.swift; sourceTree = "<group>"; };
		8122D9982004CC4D00AC403F /* ViewController.swift */ = {isa = PBXFileReference; lastKnownFileType = sourcecode.swift; path = ViewController.swift; sourceTree = "<group>"; };
		8122D99B2004CC4D00AC403F /* Base */ = {isa = PBXFileReference; lastKnownFileType = file.storyboard; name = Base; path = Base.lproj/Main.storyboard; sourceTree = "<group>"; };
		8122D99D2004CC4D00AC403F /* Assets.xcassets */ = {isa = PBXFileReference; lastKnownFileType = folder.assetcatalog; path = Assets.xcassets; sourceTree = "<group>"; };
		8122D9A02004CC4D00AC403F /* Base */ = {isa = PBXFileReference; lastKnownFileType = file.storyboard; name = Base; path = Base.lproj/LaunchScreen.storyboard; sourceTree = "<group>"; };
		8122D9A22004CC4D00AC403F /* Info.plist */ = {isa = PBXFileReference; lastKnownFileType = text.plist.xml; path = Info.plist; sourceTree = "<group>"; };
/* End PBXFileReference section */

/* Begin PBXFrameworksBuildPhase section */
		8122D9902004CC4D00AC403F /* Frameworks */ = {
			isa = PBXFrameworksBuildPhase;
			buildActionMask = 2147483647;
			files = (
			);
			runOnlyForDeploymentPostprocessing = 0;
		};
/* End PBXFrameworksBuildPhase section */

/* Begin PBXGroup section */
		8122D98A2004CC4D00AC403F = {
			isa = PBXGroup;
			children = (
				8122D9952004CC4D00AC403F /* TestGitSubModule */,
				8122D9942004CC4D00AC403F /* Products */,
			);
			sourceTree = "<group>";
		};
		8122D9942004CC4D00AC403F /* Products */ = {
			isa = PBXGroup;
			children = (
				8122D9932004CC4D00AC403F /* TestGitSubModule.app */,
			);
			name = Products;
			sourceTree = "<group>";
		};
		8122D9952004CC4D00AC403F /* TestGitSubModule */ = {
			isa = PBXGroup;
			children = (
				8122D9962004CC4D00AC403F /* AppDelegate.swift */,
				8122D9982004CC4D00AC403F /* ViewController.swift */,
				8122D99A2004CC4D00AC403F /* Main.storyboard */,
				8122D99D2004CC4D00AC403F /* Assets.xcassets */,
				8122D99F2004CC4D00AC403F /* LaunchScreen.storyboard */,
				8122D9A22004CC4D00AC403F /* Info.plist */,
			);
			path = TestGitSubModule;
			sourceTree = "<group>";
		};
/* End PBXGroup section */

/* Begin PBXNativeTarget section */
		8122D9922004CC4D00AC403F /* TestGitSubModule */ = {
			isa = PBXNativeTarget;
			buildConfigurationList = 8122D9A52004CC4D00AC403F /* Build configuration list for PBXNativeTarget "TestGitSubModule" */;
			buildPhases = (
				8122D98F2004CC4D00AC403F /* Sources */,
				8122D9902004CC4D00AC403F /* Frameworks */,
				8122D9912004CC4D00AC403F /* Resources */,
			);
			buildRules = (
			);
			dependencies = (
			);
			name = TestGitSubModule;
			productName = TestGitSubModule;
			productReference = 8122D9932004CC4D00AC403F /* TestGitSubModule.app */;
			productType = "com.apple.product-type.application";
		};
/* End PBXNativeTarget section */

/* Begin PBXProject section */
		8122D98B2004CC4D00AC403F /* Project object */ = {
			isa = PBXProject;
			attributes = {
				LastSwiftUpdateCheck = 0910;
				LastUpgradeCheck = 0910;
				ORGANIZATIONNAME = AllConnected;
				TargetAttributes = {
					8122D9922004CC4D00AC403F = {
						CreatedOnToolsVersion = 9.1;
						ProvisioningStyle = Automatic;
					};
				};
			};
			buildConfigurationList = 8122D98E2004CC4D00AC403F /* Build configuration list for PBXProject "TestGitSubModule" */;
			compatibilityVersion = "Xcode 8.0";
			developmentRegion = en;
			hasScannedForEncodings = 0;
			knownRegions = (
				en,
				Base,
			);
			mainGroup = 8122D98A2004CC4D00AC403F;
			productRefGroup = 8122D9942004CC4D00AC403F /* Products */;
			projectDirPath = "";
			projectRoot = "";
			targets = (
				8122D9922004CC4D00AC403F /* TestGitSubModule */,
			);
		};
/* End PBXProject section */

/* Begin PBXResourcesBuildPhase section */
		8122D9912004CC4D00AC403F /* Resources */ = {
			isa = PBXResourcesBuildPhase;
			buildActionMask = 2147483647;
			files = (
				8122D9A12004CC4D00AC403F /* LaunchScreen.storyboard in Resources */,
				8122D99E2004CC4D00AC403F /* Assets.xcassets in Resources */,
				8122D99C2004CC4D00AC403F /* Main.storyboard in Resources */,
			);
			runOnlyForDeploymentPostprocessing = 0;
		};
/* End PBXResourcesBuildPhase section */

/* Begin PBXSourcesBuildPhase section */
		8122D98F2004CC4D00AC403F /* Sources */ = {
			isa = PBXSourcesBuildPhase;
			buildActionMask = 2147483647;
			files = (
				8122D9992004CC4D00AC403F /* ViewController.swift in Sources */,
				8122D9972004CC4D00AC403F /* AppDelegate.swift in Sources */,
			);
			runOnlyForDeploymentPostprocessing = 0;
		};
/* End PBXSourcesBuildPhase section */

/* Begin PBXVariantGroup section */
		8122D99A2004CC4D00AC403F /* Main.storyboard */ = {
			isa = PBXVariantGroup;
			children = (
				8122D99B2004CC4D00AC403F /* Base */,
			);
			name = Main.storyboard;
			sourceTree = "<group>";
		};
		8122D99F2004CC4D00AC403F /* LaunchScreen.storyboard */ = {
			isa = PBXVariantGroup;
			children = (
				8122D9A02004CC4D00AC403F /* Base */,
			);
			name = LaunchScreen.storyboard;
			sourceTree = "<group>";
		};
/* End PBXVariantGroup section */

/* Begin XCBuildConfiguration section */
		8122D9A32004CC4D00AC403F /* Debug */ = {
			isa = XCBuildConfiguration;
			buildSettings = {
				ALWAYS_SEARCH_USER_PATHS = NO;
				CLANG_ANALYZER_NONNULL = YES;
				CLANG_ANALYZER_NUMBER_OBJECT_CONVERSION = YES_AGGRESSIVE;
				CLANG_CXX_LANGUAGE_STANDARD = "gnu++14";
				CLANG_CXX_LIBRARY = "libc++";
				CLANG_ENABLE_MODULES = YES;
				CLANG_ENABLE_OBJC_ARC = YES;
				CLANG_WARN_BLOCK_CAPTURE_AUTORELEASING = YES;
				CLANG_WARN_BOOL_CONVERSION = YES;
				CLANG_WARN_COMMA = YES;
				CLANG_WARN_CONSTANT_CONVERSION = YES;
				CLANG_WARN_DIRECT_OBJC_ISA_USAGE = YES_ERROR;
				CLANG_WARN_DOCUMENTATION_COMMENTS = YES;
				CLANG_WARN_EMPTY_BODY = YES;
				CLANG_WARN_ENUM_CONVERSION = YES;
				CLANG_WARN_INFINITE_RECURSION = YES;
				CLANG_WARN_INT_CONVERSION = YES;
				CLANG_WARN_NON_LITERAL_NULL_CONVERSION = YES;
				CLANG_WARN_OBJC_LITERAL_CONVERSION = YES;
				CLANG_WARN_OBJC_ROOT_CLASS = YES_ERROR;
				CLANG_WARN_RANGE_LOOP_ANALYSIS = YES;
				CLANG_WARN_STRICT_PROTOTYPES = YES;
				CLANG_WARN_SUSPICIOUS_MOVE = YES;
				CLANG_WARN_UNGUARDED_AVAILABILITY = YES_AGGRESSIVE;
				CLANG_WARN_UNREACHABLE_CODE = YES;
				CLANG_WARN__DUPLICATE_METHOD_MATCH = YES;
				CODE_SIGN_IDENTITY = "iPhone Developer";
				COPY_PHASE_STRIP = NO;
				DEBUG_INFORMATION_FORMAT = dwarf;
				ENABLE_STRICT_OBJC_MSGSEND = YES;
				ENABLE_TESTABILITY = YES;
				GCC_C_LANGUAGE_STANDARD = gnu11;
				GCC_DYNAMIC_NO_PIC = NO;
				GCC_NO_COMMON_BLOCKS = YES;
				GCC_OPTIMIZATION_LEVEL = 0;
				GCC_PREPROCESSOR_DEFINITIONS = (
					"DEBUG=1",
					"$(inherited)",
				);
				GCC_WARN_64_TO_32_BIT_CONVERSION = YES;
				GCC_WARN_ABOUT_RETURN_TYPE = YES_ERROR;
				GCC_WARN_UNDECLARED_SELECTOR = YES;
				GCC_WARN_UNINITIALIZED_AUTOS = YES_AGGRESSIVE;
				GCC_WARN_UNUSED_FUNCTION = YES;
				GCC_WARN_UNUSED_VARIABLE = YES;
				IPHONEOS_DEPLOYMENT_TARGET = 11.1;
				MTL_ENABLE_DEBUG_INFO = YES;
				ONLY_ACTIVE_ARCH = YES;
				SDKROOT = iphoneos;
				SWIFT_ACTIVE_COMPILATION_CONDITIONS = DEBUG;
				SWIFT_OPTIMIZATION_LEVEL = "-Onone";
			};
			name = Debug;
		};
		8122D9A42004CC4D00AC403F /* Release */ = {
			isa = XCBuildConfiguration;
			buildSettings = {
				ALWAYS_SEARCH_USER_PATHS = NO;
				CLANG_ANALYZER_NONNULL = YES;
				CLANG_ANALYZER_NUMBER_OBJECT_CONVERSION = YES_AGGRESSIVE;
				CLANG_CXX_LANGUAGE_STANDARD = "gnu++14";
				CLANG_CXX_LIBRARY = "libc++";
				CLANG_ENABLE_MODULES = YES;
				CLANG_ENABLE_OBJC_ARC = YES;
				CLANG_WARN_BLOCK_CAPTURE_AUTORELEASING = YES;
				CLANG_WARN_BOOL_CONVERSION = YES;
				CLANG_WARN_COMMA = YES;
				CLANG_WARN_CONSTANT_CONVERSION = YES;
				CLANG_WARN_DIRECT_OBJC_ISA_USAGE = YES_ERROR;
				CLANG_WARN_DOCUMENTATION_COMMENTS = YES;
				CLANG_WARN_EMPTY_BODY = YES;
				CLANG_WARN_ENUM_CONVERSION = YES;
				CLANG_WARN_INFINITE_RECURSION = YES;
				CLANG_WARN_INT_CONVERSION = YES;
				CLANG_WARN_NON_LITERAL_NULL_CONVERSION = YES;
				CLANG_WARN_OBJC_LITERAL_CONVERSION = YES;
				CLANG_WARN_OBJC_ROOT_CLASS = YES_ERROR;
				CLANG_WARN_RANGE_LOOP_ANALYSIS = YES;
				CLANG_WARN_STRICT_PROTOTYPES = YES;
				CLANG_WARN_SUSPICIOUS_MOVE = YES;
				CLANG_WARN_UNGUARDED_AVAILABILITY = YES_AGGRESSIVE;
				CLANG_WARN_UNREACHABLE_CODE = YES;
				CLANG_WARN__DUPLICATE_METHOD_MATCH = YES;
				CODE_SIGN_IDENTITY = "iPhone Developer";
				COPY_PHASE_STRIP = NO;
				DEBUG_INFORMATION_FORMAT = "dwarf-with-dsym";
				ENABLE_NS_ASSERTIONS = NO;
				ENABLE_STRICT_OBJC_MSGSEND = YES;
				GCC_C_LANGUAGE_STANDARD = gnu11;
				GCC_NO_COMMON_BLOCKS = YES;
				GCC_WARN_64_TO_32_BIT_CONVERSION = YES;
				GCC_WARN_ABOUT_RETURN_TYPE = YES_ERROR;
				GCC_WARN_UNDECLARED_SELECTOR = YES;
				GCC_WARN_UNINITIALIZED_AUTOS = YES_AGGRESSIVE;
				GCC_WARN_UNUSED_FUNCTION = YES;
				GCC_WARN_UNUSED_VARIABLE = YES;
				IPHONEOS_DEPLOYMENT_TARGET = 11.1;
				MTL_ENABLE_DEBUG_INFO = NO;
				SDKROOT = iphoneos;
				SWIFT_OPTIMIZATION_LEVEL = "-Owholemodule";
				VALIDATE_PRODUCT = YES;
			};
			name = Release;
		};
		8122D9A62004CC4D00AC403F /* Debug */ = {
			isa = XCBuildConfiguration;
			buildSettings = {
				ASSETCATALOG_COMPILER_APPICON_NAME = AppIcon;
				CODE_SIGN_STYLE = Automatic;
				DEVELOPMENT_TEAM = D4XS7S9ZWY;
				INFOPLIST_FILE = TestGitSubModule/Info.plist;
				LD_RUNPATH_SEARCH_PATHS = "$(inherited) @executable_path/Frameworks";
				PRODUCT_BUNDLE_IDENTIFIER = com.springtech.TestGitSubModule;
				PRODUCT_NAME = "$(TARGET_NAME)";
				SWIFT_VERSION = 4.0;
				TARGETED_DEVICE_FAMILY = "1,2";
			};
			name = Debug;
		};
		8122D9A72004CC4D00AC403F /* Release */ = {
			isa = XCBuildConfiguration;
			buildSettings = {
				ASSETCATALOG_COMPILER_APPICON_NAME = AppIcon;
				CODE_SIGN_STYLE = Automatic;
				DEVELOPMENT_TEAM = D4XS7S9ZWY;
				INFOPLIST_FILE = TestGitSubModule/Info.plist;
				LD_RUNPATH_SEARCH_PATHS = "$(inherited) @executable_path/Frameworks";
				PRODUCT_BUNDLE_IDENTIFIER = com.springtech.TestGitSubModule;
				PRODUCT_NAME = "$(TARGET_NAME)";
				SWIFT_VERSION = 4.0;
				TARGETED_DEVICE_FAMILY = "1,2";
			};
			name = Release;
		};
/* End XCBuildConfiguration section */

/* Begin XCConfigurationList section */
		8122D98E2004CC4D00AC403F /* Build configuration list for PBXProject "TestGitSubModule" */ = {
			isa = XCConfigurationList;
			buildConfigurations = (
				8122D9A32004CC4D00AC403F /* Debug */,
				8122D9A42004CC4D00AC403F /* Release */,
			);
			defaultConfigurationIsVisible = 0;
			defaultConfigurationName = Release;
		};
		8122D9A52004CC4D00AC403F /* Build configuration list for PBXNativeTarget "TestGitSubModule" */ = {
			isa = XCConfigurationList;
			buildConfigurations = (
				8122D9A62004CC4D00AC403F /* Debug */,
				8122D9A72004CC4D00AC403F /* Release */,
			);
			defaultConfigurationIsVisible = 0;
			defaultConfigurationName = Release;
		};
/* End XCConfigurationList section */
	};
	rootObject = 8122D98B2004CC4D00AC403F /* Project object */;
}
